
Microsoft Visual Studio Solution File, Format Version 12.00
# Visual Studio Version 17
VisualStudioVersion = 17.9.34902.65
MinimumVisualStudioVersion = 10.0.40219.1
Project("{FAE04EC0-301F-11D3-BF4B-00C04F79EFBC}") = "intpr_uyg1", "intpr_uyg1\intpr_uyg1.csproj", "{B8A09F78-18F6-484B-B6C5-35B9625B0DDA}"
EndProject
Global
	GlobalSection(SolutionConfigurationPlatforms) = preSolution
		Debug|Any CPU = Debug|Any CPU
		Release|Any CPU = Release|Any CPU
	EndGlobalSection
	GlobalSection(ProjectConfigurationPlatforms) = postSolution
		{B8A09F78-18F6-484B-B6C5-35B9625B0DDA}.Debug|Any CPU.ActiveCfg = Debug|Any CPU
		{B8A09F78-18F6-484B-B6C5-35B9625B0DDA}.Debug|Any CPU.Build.0 = Debug|Any CPU
		{B8A09F78-18F6-484B-B6C5-35B9625B0DDA}.Release|Any CPU.ActiveCfg = Release|Any CPU
		{B8A09F78-18F6-484B-B6C5-35B9625B0DDA}.Release|Any CPU.Build.0 = Release|Any CPU
	EndGlobalSection
	GlobalSection(SolutionProperties) = preSolution
		HideSolutionNode = FALSE
	EndGlobalSection
	GlobalSection(ExtensibilityGlobals) = postSolution
		SolutionGuid = {E8395A02-52B1-411C-85A4-4AAEC90C2856}
	EndGlobalSection
EndGlobal
